
Microsoft Visual Studio Solution File, Format Version 12.00
# Visual Studio Version 17
VisualStudioVersion = 17.5.33414.496
MinimumVisualStudioVersion = 10.0.40219.1
Project("{9A19103F-16F7-4668-BE54-9A1E7A4F7556}") = "RoslynAnalyzerTestingExtensions.CSharp", "RoslynAnalyzerTestingExtensions.CSharp\RoslynAnalyzerTestingExtensions.CSharp.csproj", "{CF9654A5-312F-4782-93C1-58011450C398}"
EndProject
Project("{FAE04EC0-301F-11D3-BF4B-00C04F79EFBC}") = "ExtensionMethodsCodeGenerator", "ExtensionMethodsCodeGenerator\ExtensionMethodsCodeGenerator\ExtensionMethodsCodeGenerator.csproj", "{5334B1E1-A119-4173-9168-4864BEA64334}"
EndProject
Project("{FAE04EC0-301F-11D3-BF4B-00C04F79EFBC}") = "ExtensionMethodsCodeGenerator.Test", "ExtensionMethodsCodeGenerator\ExtensionMethodsCodeGenerator.Test\ExtensionMethodsCodeGenerator.Test.csproj", "{15BA61E1-6450-4998-B10D-919073FCE65F}"
EndProject
Project("{2150E333-8FDC-42A3-9474-1A3956D46DE8}") = "Solution Items", "Solution Items", "{D3DCA1EE-6A13-4712-99DD-7AB24B741791}"
	ProjectSection(SolutionItems) = preProject
		Directory.Build.props = Directory.Build.props
	EndProjectSection
EndProject
Global
	GlobalSection(SolutionConfigurationPlatforms) = preSolution
		Debug|Any CPU = Debug|Any CPU
		Release|Any CPU = Release|Any CPU
	EndGlobalSection
	GlobalSection(ProjectConfigurationPlatforms) = postSolution
		{CF9654A5-312F-4782-93C1-58011450C398}.Debug|Any CPU.ActiveCfg = Debug|Any CPU
		{CF9654A5-312F-4782-93C1-58011450C398}.Debug|Any CPU.Build.0 = Debug|Any CPU
		{CF9654A5-312F-4782-93C1-58011450C398}.Release|Any CPU.ActiveCfg = Release|Any CPU
		{CF9654A5-312F-4782-93C1-58011450C398}.Release|Any CPU.Build.0 = Release|Any CPU
		{5334B1E1-A119-4173-9168-4864BEA64334}.Debug|Any CPU.ActiveCfg = Debug|Any CPU
		{5334B1E1-A119-4173-9168-4864BEA64334}.Debug|Any CPU.Build.0 = Debug|Any CPU
		{5334B1E1-A119-4173-9168-4864BEA64334}.Release|Any CPU.ActiveCfg = Release|Any CPU
		{5334B1E1-A119-4173-9168-4864BEA64334}.Release|Any CPU.Build.0 = Release|Any CPU
		{15BA61E1-6450-4998-B10D-919073FCE65F}.Debug|Any CPU.ActiveCfg = Debug|Any CPU
		{15BA61E1-6450-4998-B10D-919073FCE65F}.Debug|Any CPU.Build.0 = Debug|Any CPU
		{15BA61E1-6450-4998-B10D-919073FCE65F}.Release|Any CPU.ActiveCfg = Release|Any CPU
		{15BA61E1-6450-4998-B10D-919073FCE65F}.Release|Any CPU.Build.0 = Release|Any CPU
	EndGlobalSection
	GlobalSection(SolutionProperties) = preSolution
		HideSolutionNode = FALSE
	EndGlobalSection
	GlobalSection(ExtensibilityGlobals) = postSolution
		SolutionGuid = {D8C633AF-1354-4F44-9FE2-47293330DC7A}
	EndGlobalSection
EndGlobal
